
Microsoft Visual Studio Solution File, Format Version 12.00
# Visual Studio Version 16
VisualStudioVersion = 16.0.30523.141
MinimumVisualStudioVersion = 10.0.40219.1
Project("{FAE04EC0-301F-11D3-BF4B-00C04F79EFBC}") = "Final", "Final\Final.csproj", "{C3A18313-2020-47FA-8F20-5C11FEB97966}"
EndProject
Global
	GlobalSection(SolutionConfigurationPlatforms) = preSolution
		Debug|Any CPU = Debug|Any CPU
		Release|Any CPU = Release|Any CPU
	EndGlobalSection
	GlobalSection(ProjectConfigurationPlatforms) = postSolution
		{C3A18313-2020-47FA-8F20-5C11FEB97966}.Debug|Any CPU.ActiveCfg = Debug|Any CPU
		{C3A18313-2020-47FA-8F20-5C11FEB97966}.Debug|Any CPU.Build.0 = Debug|Any CPU
		{C3A18313-2020-47FA-8F20-5C11FEB97966}.Release|Any CPU.ActiveCfg = Release|Any CPU
		{C3A18313-2020-47FA-8F20-5C11FEB97966}.Release|Any CPU.Build.0 = Release|Any CPU
	EndGlobalSection
	GlobalSection(SolutionProperties) = preSolution
		HideSolutionNode = FALSE
	EndGlobalSection
	GlobalSection(ExtensibilityGlobals) = postSolution
		SolutionGuid = {8F1E07FA-FA7C-400B-B7E3-B92BD8410424}
	EndGlobalSection
EndGlobal
